{
  "name": "hello-node",
  "version": "1.0.0",
  "lockfileVersion": 1,
  "requires": true,
  "dependencies": {
    "giphy-api": {
      "version": "2.0.2",
      "resolved": "https://registry.npmjs.org/giphy-api/-/giphy-api-2.0.2.tgz",
      "integrity": "sha512-vZaLQhgMF0mDQSNpqooe4Zqoe2dWGqVYhh7Ar6I41BRtcZtfupr9avT23IIPScKBYfb3qAfiKQRQyKgLi8Lcxw=="
    }
  }
}
